
Microsoft Visual Studio Solution File, Format Version 12.00
# Visual Studio Version 17
VisualStudioVersion = 17.10.35013.160
MinimumVisualStudioVersion = 10.0.40219.1
Project("{2150E333-8FDC-42A3-9474-1A3956D46DE8}") = "src", "src", "{BEE7D1D3-B0B0-42EB-A0BC-69F5D13E9A3A}"
EndProject
Project("{2150E333-8FDC-42A3-9474-1A3956D46DE8}") = "tests", "tests", "{F83514F3-43C2-4B88-A0FC-FCAB9FD9AF12}"
EndProject
Project("{FAE04EC0-301F-11D3-BF4B-00C04F79EFBC}") = "UserManagement.Api", "UserManagement.Api\UserManagement.Api.csproj", "{00C83520-45EF-4961-8387-F853CA26D10F}"
EndProject
Project("{FAE04EC0-301F-11D3-BF4B-00C04F79EFBC}") = "UserManagement.Application", "UserManagement.Application\UserManagement.Application.csproj", "{D6C778B9-3988-4024-B1FC-C9AD65BD04AA}"
EndProject
Project("{FAE04EC0-301F-11D3-BF4B-00C04F79EFBC}") = "UserManagement.Communication", "UserManagement.Communication\UserManagement.Communication.csproj", "{E35F023A-5DDE-4CC9-80E2-373EA022990C}"
EndProject
Project("{FAE04EC0-301F-11D3-BF4B-00C04F79EFBC}") = "UserManagement.Domain", "UserManagement.Domain\UserManagement.Domain.csproj", "{D697DF61-61A8-4CE9-BF72-66C97F7DDAB1}"
EndProject
Project("{FAE04EC0-301F-11D3-BF4B-00C04F79EFBC}") = "UserManagement.Exception", "UserManagement.Exception\UserManagement.Exception.csproj", "{C2E6018E-A9BD-405D-9C3F-DA6E6F3254A8}"
EndProject
Project("{FAE04EC0-301F-11D3-BF4B-00C04F79EFBC}") = "UserManagement.Infrastructure", "UserManagement.Infrastructure\UserManagement.Infrastructure.csproj", "{070A8B2F-9BF6-4199-9529-0A6F16A6752E}"
EndProject
Global
	GlobalSection(SolutionConfigurationPlatforms) = preSolution
		Debug|Any CPU = Debug|Any CPU
		Release|Any CPU = Release|Any CPU
	EndGlobalSection
	GlobalSection(ProjectConfigurationPlatforms) = postSolution
		{00C83520-45EF-4961-8387-F853CA26D10F}.Debug|Any CPU.ActiveCfg = Debug|Any CPU
		{00C83520-45EF-4961-8387-F853CA26D10F}.Debug|Any CPU.Build.0 = Debug|Any CPU
		{00C83520-45EF-4961-8387-F853CA26D10F}.Release|Any CPU.ActiveCfg = Release|Any CPU
		{00C83520-45EF-4961-8387-F853CA26D10F}.Release|Any CPU.Build.0 = Release|Any CPU
		{D6C778B9-3988-4024-B1FC-C9AD65BD04AA}.Debug|Any CPU.ActiveCfg = Debug|Any CPU
		{D6C778B9-3988-4024-B1FC-C9AD65BD04AA}.Debug|Any CPU.Build.0 = Debug|Any CPU
		{D6C778B9-3988-4024-B1FC-C9AD65BD04AA}.Release|Any CPU.ActiveCfg = Release|Any CPU
		{D6C778B9-3988-4024-B1FC-C9AD65BD04AA}.Release|Any CPU.Build.0 = Release|Any CPU
		{E35F023A-5DDE-4CC9-80E2-373EA022990C}.Debug|Any CPU.ActiveCfg = Debug|Any CPU
		{E35F023A-5DDE-4CC9-80E2-373EA022990C}.Debug|Any CPU.Build.0 = Debug|Any CPU
		{E35F023A-5DDE-4CC9-80E2-373EA022990C}.Release|Any CPU.ActiveCfg = Release|Any CPU
		{E35F023A-5DDE-4CC9-80E2-373EA022990C}.Release|Any CPU.Build.0 = Release|Any CPU
		{D697DF61-61A8-4CE9-BF72-66C97F7DDAB1}.Debug|Any CPU.ActiveCfg = Debug|Any CPU
		{D697DF61-61A8-4CE9-BF72-66C97F7DDAB1}.Debug|Any CPU.Build.0 = Debug|Any CPU
		{D697DF61-61A8-4CE9-BF72-66C97F7DDAB1}.Release|Any CPU.ActiveCfg = Release|Any CPU
		{D697DF61-61A8-4CE9-BF72-66C97F7DDAB1}.Release|Any CPU.Build.0 = Release|Any CPU
		{C2E6018E-A9BD-405D-9C3F-DA6E6F3254A8}.Debug|Any CPU.ActiveCfg = Debug|Any CPU
		{C2E6018E-A9BD-405D-9C3F-DA6E6F3254A8}.Debug|Any CPU.Build.0 = Debug|Any CPU
		{C2E6018E-A9BD-405D-9C3F-DA6E6F3254A8}.Release|Any CPU.ActiveCfg = Release|Any CPU
		{C2E6018E-A9BD-405D-9C3F-DA6E6F3254A8}.Release|Any CPU.Build.0 = Release|Any CPU
		{070A8B2F-9BF6-4199-9529-0A6F16A6752E}.Debug|Any CPU.ActiveCfg = Debug|Any CPU
		{070A8B2F-9BF6-4199-9529-0A6F16A6752E}.Debug|Any CPU.Build.0 = Debug|Any CPU
		{070A8B2F-9BF6-4199-9529-0A6F16A6752E}.Release|Any CPU.ActiveCfg = Release|Any CPU
		{070A8B2F-9BF6-4199-9529-0A6F16A6752E}.Release|Any CPU.Build.0 = Release|Any CPU
	EndGlobalSection
	GlobalSection(SolutionProperties) = preSolution
		HideSolutionNode = FALSE
	EndGlobalSection
	GlobalSection(NestedProjects) = preSolution
		{00C83520-45EF-4961-8387-F853CA26D10F} = {BEE7D1D3-B0B0-42EB-A0BC-69F5D13E9A3A}
		{D6C778B9-3988-4024-B1FC-C9AD65BD04AA} = {BEE7D1D3-B0B0-42EB-A0BC-69F5D13E9A3A}
		{E35F023A-5DDE-4CC9-80E2-373EA022990C} = {BEE7D1D3-B0B0-42EB-A0BC-69F5D13E9A3A}
		{D697DF61-61A8-4CE9-BF72-66C97F7DDAB1} = {BEE7D1D3-B0B0-42EB-A0BC-69F5D13E9A3A}
		{C2E6018E-A9BD-405D-9C3F-DA6E6F3254A8} = {BEE7D1D3-B0B0-42EB-A0BC-69F5D13E9A3A}
		{070A8B2F-9BF6-4199-9529-0A6F16A6752E} = {BEE7D1D3-B0B0-42EB-A0BC-69F5D13E9A3A}
	EndGlobalSection
	GlobalSection(ExtensibilityGlobals) = postSolution
		SolutionGuid = {F2318F5B-F984-4E90-B7D1-06A2624AB42A}
	EndGlobalSection
EndGlobal
